// !$*UTF8*$!
{
	archiveVersion = 1;
	classes = {
	};
	objectVersion = 50;
	objects = {

/* Begin PBXBuildFile section */
		B9691BC72561387500F5CEC8 /* AppDelegate.swift in Sources */ = {isa = PBXBuildFile; fileRef = B9691BC62561387500F5CEC8 /* AppDelegate.swift */; };
		B9691BC92561387500F5CEC8 /* SceneDelegate.swift in Sources */ = {isa = PBXBuildFile; fileRef = B9691BC82561387500F5CEC8 /* SceneDelegate.swift */; };
		B9691BCB2561387500F5CEC8 /* ViewController.swift in Sources */ = {isa = PBXBuildFile; fileRef = B9691BCA2561387500F5CEC8 /* ViewController.swift */; };
		B9691BCE2561387500F5CEC8 /* Main.storyboard in Resources */ = {isa = PBXBuildFile; fileRef = B9691BCC2561387500F5CEC8 /* Main.storyboard */; };
		B9691BD02561387600F5CEC8 /* Assets.xcassets in Resources */ = {isa = PBXBuildFile; fileRef = B9691BCF2561387600F5CEC8 /* Assets.xcassets */; };
		B9691BD32561387600F5CEC8 /* LaunchScreen.storyboard in Resources */ = {isa = PBXBuildFile; fileRef = B9691BD12561387600F5CEC8 /* LaunchScreen.storyboard */; };
/* End PBXBuildFile section */

/* Begin PBXFileReference section */
		B9691BC32561387500F5CEC8 /* Translation with Transforms.app */ = {isa = PBXFileReference; explicitFileType = wrapper.application; includeInIndex = 0; path = "Translation with Transforms.app"; sourceTree = BUILT_PRODUCTS_DIR; };
		B9691BC62561387500F5CEC8 /* AppDelegate.swift */ = {isa = PBXFileReference; lastKnownFileType = sourcecode.swift; path = AppDelegate.swift; sourceTree = "<group>"; };
		B9691BC82561387500F5CEC8 /* SceneDelegate.swift */ = {isa = PBXFileReference; lastKnownFileType = sourcecode.swift; path = SceneDelegate.swift; sourceTree = "<group>"; };
		B9691BCA2561387500F5CEC8 /* ViewController.swift */ = {isa = PBXFileReference; lastKnownFileType = sourcecode.swift; path = ViewController.swift; sourceTree = "<group>"; };
		B9691BCD2561387500F5CEC8 /* Base */ = {isa = PBXFileReference; lastKnownFileType = file.storyboard; name = Base; path = Base.lproj/Main.storyboard; sourceTree = "<group>"; };
		B9691BCF2561387600F5CEC8 /* Assets.xcassets */ = {isa = PBXFileReference; lastKnownFileType = folder.assetcatalog; path = Assets.xcassets; sourceTree = "<group>"; };
		B9691BD22561387600F5CEC8 /* Base */ = {isa = PBXFileReference; lastKnownFileType = file.storyboard; name = Base; path = Base.lproj/LaunchScreen.storyboard; sourceTree = "<group>"; };
		B9691BD42561387600F5CEC8 /* Info.plist */ = {isa = PBXFileReference; lastKnownFileType = text.plist.xml; path = Info.plist; sourceTree = "<group>"; };
/* End PBXFileReference section */

/* Begin PBXFrameworksBuildPhase section */
		B9691BC02561387500F5CEC8 /* Frameworks */ = {
			isa = PBXFrameworksBuildPhase;
			buildActionMask = 2147483647;
			files = (
			);
			runOnlyForDeploymentPostprocessing = 0;
		};
/* End PBXFrameworksBuildPhase section */

/* Begin PBXGroup section */
		B9691BBA2561387500F5CEC8 = {
			isa = PBXGroup;
			children = (
				B9691BC52561387500F5CEC8 /* Translation with Transforms */,
				B9691BC42561387500F5CEC8 /* Products */,
			);
			sourceTree = "<group>";
		};
		B9691BC42561387500F5CEC8 /* Products */ = {
			isa = PBXGroup;
			children = (
				B9691BC32561387500F5CEC8 /* Translation with Transforms.app */,
			);
			name = Products;
			sourceTree = "<group>";
		};
		B9691BC52561387500F5CEC8 /* Translation with Transforms */ = {
			isa = PBXGroup;
			children = (
				B9691BC62561387500F5CEC8 /* AppDelegate.swift */,
				B9691BC82561387500F5CEC8 /* SceneDelegate.swift */,
				B9691BCA2561387500F5CEC8 /* ViewController.swift */,
				B9691BCC2561387500F5CEC8 /* Main.storyboard */,
				B9691BCF2561387600F5CEC8 /* Assets.xcassets */,
				B9691BD12561387600F5CEC8 /* LaunchScreen.storyboard */,
				B9691BD42561387600F5CEC8 /* Info.plist */,
			);
			path = "Translation with Transforms";
			sourceTree = "<group>";
		};
/* End PBXGroup section */

/* Begin PBXNativeTarget section */
		B9691BC22561387500F5CEC8 /* Translation with Transforms */ = {
			isa = PBXNativeTarget;
			buildConfigurationList = B9691BD72561387600F5CEC8 /* Build configuration list for PBXNativeTarget "Translation with Transforms" */;
			buildPhases = (
				B9691BBF2561387500F5CEC8 /* Sources */,
				B9691BC02561387500F5CEC8 /* Frameworks */,
				B9691BC12561387500F5CEC8 /* Resources */,
			);
			buildRules = (
			);
			dependencies = (
			);
			name = "Translation with Transforms";
			productName = "Translation with Transforms";
			productReference = B9691BC32561387500F5CEC8 /* Translation with Transforms.app */;
			productType = "com.apple.product-type.application";
		};
/* End PBXNativeTarget section */

/* Begin PBXProject section */
		B9691BBB2561387500F5CEC8 /* Project object */ = {
			isa = PBXProject;
			attributes = {
				LastSwiftUpdateCheck = 1210;
				LastUpgradeCheck = 1210;
				TargetAttributes = {
					B9691BC22561387500F5CEC8 = {
						CreatedOnToolsVersion = 12.1;
					};
				};
			};
			buildConfigurationList = B9691BBE2561387500F5CEC8 /* Build configuration list for PBXProject "Translation with Transforms" */;
			compatibilityVersion = "Xcode 9.3";
			developmentRegion = en;
			hasScannedForEncodings = 0;
			knownRegions = (
				en,
				Base,
			);
			mainGroup = B9691BBA2561387500F5CEC8;
			productRefGroup = B9691BC42561387500F5CEC8 /* Products */;
			projectDirPath = "";
			projectRoot = "";
			targets = (
				B9691BC22561387500F5CEC8 /* Translation with Transforms */,
			);
		};
/* End PBXProject section */

/* Begin PBXResourcesBuildPhase section */
		B9691BC12561387500F5CEC8 /* Resources */ = {
			isa = PBXResourcesBuildPhase;
			buildActionMask = 2147483647;
			files = (
				B9691BD32561387600F5CEC8 /* LaunchScreen.storyboard in Resources */,
				B9691BD02561387600F5CEC8 /* Assets.xcassets in Resources */,
				B9691BCE2561387500F5CEC8 /* Main.storyboard in Resources */,
			);
			runOnlyForDeploymentPostprocessing = 0;
		};
/* End PBXResourcesBuildPhase section */

/* Begin PBXSourcesBuildPhase section */
		B9691BBF2561387500F5CEC8 /* Sources */ = {
			isa = PBXSourcesBuildPhase;
			buildActionMask = 2147483647;
			files = (
				B9691BCB2561387500F5CEC8 /* ViewController.swift in Sources */,
				B9691BC72561387500F5CEC8 /* AppDelegate.swift in Sources */,
				B9691BC92561387500F5CEC8 /* SceneDelegate.swift in Sources */,
			);
			runOnlyForDeploymentPostprocessing = 0;
		};
/* End PBXSourcesBuildPhase section */

/* Begin PBXVariantGroup section */
		B9691BCC2561387500F5CEC8 /* Main.storyboard */ = {
			isa = PBXVariantGroup;
			children = (
				B9691BCD2561387500F5CEC8 /* Base */,
			);
			name = Main.storyboard;
			sourceTree = "<group>";
		};
		B9691BD12561387600F5CEC8 /* LaunchScreen.storyboard */ = {
			isa = PBXVariantGroup;
			children = (
				B9691BD22561387600F5CEC8 /* Base */,
			);
			name = LaunchScreen.storyboard;
			sourceTree = "<group>";
		};
/* End PBXVariantGroup section */

/* Begin XCBuildConfiguration section */
		B9691BD52561387600F5CEC8 /* Debug */ = {
			isa = XCBuildConfiguration;
			buildSettings = {
				ALWAYS_SEARCH_USER_PATHS = NO;
				CLANG_ANALYZER_NONNULL = YES;
				CLANG_ANALYZER_NUMBER_OBJECT_CONVERSION = YES_AGGRESSIVE;
				CLANG_CXX_LANGUAGE_STANDARD = "gnu++14";
				CLANG_CXX_LIBRARY = "libc++";
				CLANG_ENABLE_MODULES = YES;
				CLANG_ENABLE_OBJC_ARC = YES;
				CLANG_ENABLE_OBJC_WEAK = YES;
				CLANG_WARN_BLOCK_CAPTURE_AUTORELEASING = YES;
				CLANG_WARN_BOOL_CONVERSION = YES;
				CLANG_WARN_COMMA = YES;
				CLANG_WARN_CONSTANT_CONVERSION = YES;
				CLANG_WARN_DEPRECATED_OBJC_IMPLEMENTATIONS = YES;
				CLANG_WARN_DIRECT_OBJC_ISA_USAGE = YES_ERROR;
				CLANG_WARN_DOCUMENTATION_COMMENTS = YES;
				CLANG_WARN_EMPTY_BODY = YES;
				CLANG_WARN_ENUM_CONVERSION = YES;
				CLANG_WARN_INFINITE_RECURSION = YES;
				CLANG_WARN_INT_CONVERSION = YES;
				CLANG_WARN_NON_LITERAL_NULL_CONVERSION = YES;
				CLANG_WARN_OBJC_IMPLICIT_RETAIN_SELF = YES;
				CLANG_WARN_OBJC_LITERAL_CONVERSION = YES;
				CLANG_WARN_OBJC_ROOT_CLASS = YES_ERROR;
				CLANG_WARN_QUOTED_INCLUDE_IN_FRAMEWORK_HEADER = YES;
				CLANG_WARN_RANGE_LOOP_ANALYSIS = YES;
				CLANG_WARN_STRICT_PROTOTYPES = YES;
				CLANG_WARN_SUSPICIOUS_MOVE = YES;
				CLANG_WARN_UNGUARDED_AVAILABILITY = YES_AGGRESSIVE;
				CLANG_WARN_UNREACHABLE_CODE = YES;
				CLANG_WARN__DUPLICATE_METHOD_MATCH = YES;
				COPY_PHASE_STRIP = NO;
				DEBUG_INFORMATION_FORMAT = dwarf;
				ENABLE_STRICT_OBJC_MSGSEND = YES;
				ENABLE_TESTABILITY = YES;
				GCC_C_LANGUAGE_STANDARD = gnu11;
				GCC_DYNAMIC_NO_PIC = NO;
				GCC_NO_COMMON_BLOCKS = YES;
				GCC_OPTIMIZATION_LEVEL = 0;
				GCC_PREPROCESSOR_DEFINITIONS = (
					"DEBUG=1",
					"$(inherited)",
				);
				GCC_WARN_64_TO_32_BIT_CONVERSION = YES;
				GCC_WARN_ABOUT_RETURN_TYPE = YES_ERROR;
				GCC_WARN_UNDECLARED_SELECTOR = YES;
				GCC_WARN_UNINITIALIZED_AUTOS = YES_AGGRESSIVE;
				GCC_WARN_UNUSED_FUNCTION = YES;
				GCC_WARN_UNUSED_VARIABLE = YES;
				IPHONEOS_DEPLOYMENT_TARGET = 14.1;
				MTL_ENABLE_DEBUG_INFO = INCLUDE_SOURCE;
				MTL_FAST_MATH = YES;
				ONLY_ACTIVE_ARCH = YES;
				SDKROOT = iphoneos;
				SWIFT_ACTIVE_COMPILATION_CONDITIONS = DEBUG;
				SWIFT_OPTIMIZATION_LEVEL = "-Onone";
			};
			name = Debug;
		};
		B9691BD62561387600F5CEC8 /* Release */ = {
			isa = XCBuildConfiguration;
			buildSettings = {
				ALWAYS_SEARCH_USER_PATHS = NO;
				CLANG_ANALYZER_NONNULL = YES;
				CLANG_ANALYZER_NUMBER_OBJECT_CONVERSION = YES_AGGRESSIVE;
				CLANG_CXX_LANGUAGE_STANDARD = "gnu++14";
				CLANG_CXX_LIBRARY = "libc++";
				CLANG_ENABLE_MODULES = YES;
				CLANG_ENABLE_OBJC_ARC = YES;
				CLANG_ENABLE_OBJC_WEAK = YES;
				CLANG_WARN_BLOCK_CAPTURE_AUTORELEASING = YES;
				CLANG_WARN_BOOL_CONVERSION = YES;
				CLANG_WARN_COMMA = YES;
				CLANG_WARN_CONSTANT_CONVERSION = YES;
				CLANG_WARN_DEPRECATED_OBJC_IMPLEMENTATIONS = YES;
				CLANG_WARN_DIRECT_OBJC_ISA_USAGE = YES_ERROR;
				CLANG_WARN_DOCUMENTATION_COMMENTS = YES;
				CLANG_WARN_EMPTY_BODY = YES;
				CLANG_WARN_ENUM_CONVERSION = YES;
				CLANG_WARN_INFINITE_RECURSION = YES;
				CLANG_WARN_INT_CONVERSION = YES;
				CLANG_WARN_NON_LITERAL_NULL_CONVERSION = YES;
				CLANG_WARN_OBJC_IMPLICIT_RETAIN_SELF = YES;
				CLANG_WARN_OBJC_LITERAL_CONVERSION = YES;
				CLANG_WARN_OBJC_ROOT_CLASS = YES_ERROR;
				CLANG_WARN_QUOTED_INCLUDE_IN_FRAMEWORK_HEADER = YES;
				CLANG_WARN_RANGE_LOOP_ANALYSIS = YES;
				CLANG_WARN_STRICT_PROTOTYPES = YES;
				CLANG_WARN_SUSPICIOUS_MOVE = YES;
				CLANG_WARN_UNGUARDED_AVAILABILITY = YES_AGGRESSIVE;
				CLANG_WARN_UNREACHABLE_CODE = YES;
				CLANG_WARN__DUPLICATE_METHOD_MATCH = YES;
				COPY_PHASE_STRIP = NO;
				DEBUG_INFORMATION_FORMAT = "dwarf-with-dsym";
				ENABLE_NS_ASSERTIONS = NO;
				ENABLE_STRICT_OBJC_MSGSEND = YES;
				GCC_C_LANGUAGE_STANDARD = gnu11;
				GCC_NO_COMMON_BLOCKS = YES;
				GCC_WARN_64_TO_32_BIT_CONVERSION = YES;
				GCC_WARN_ABOUT_RETURN_TYPE = YES_ERROR;
				GCC_WARN_UNDECLARED_SELECTOR = YES;
				GCC_WARN_UNINITIALIZED_AUTOS = YES_AGGRESSIVE;
				GCC_WARN_UNUSED_FUNCTION = YES;
				GCC_WARN_UNUSED_VARIABLE = YES;
				IPHONEOS_DEPLOYMENT_TARGET = 14.1;
				MTL_ENABLE_DEBUG_INFO = NO;
				MTL_FAST_MATH = YES;
				SDKROOT = iphoneos;
				SWIFT_COMPILATION_MODE = wholemodule;
				SWIFT_OPTIMIZATION_LEVEL = "-O";
				VALIDATE_PRODUCT = YES;
			};
			name = Release;
		};
		B9691BD82561387600F5CEC8 /* Debug */ = {
			isa = XCBuildConfiguration;
			buildSettings = {
				ASSETCATALOG_COMPILER_APPICON_NAME = AppIcon;
				ASSETCATALOG_COMPILER_GLOBAL_ACCENT_COLOR_NAME = AccentColor;
				CODE_SIGN_STYLE = Automatic;
				DEVELOPMENT_TEAM = YZYQ4HKGUN;
				INFOPLIST_FILE = "Translation with Transforms/Info.plist";
				LD_RUNPATH_SEARCH_PATHS = (
					"$(inherited)",
					"@executable_path/Frameworks",
				);
				PRODUCT_BUNDLE_IDENTIFIER = "akshThakur.Translation-with-Transforms";
				PRODUCT_NAME = "$(TARGET_NAME)";
				SWIFT_VERSION = 5.0;
				TARGETED_DEVICE_FAMILY = "1,2";
			};
			name = Debug;
		};
		B9691BD92561387600F5CEC8 /* Release */ = {
			isa = XCBuildConfiguration;
			buildSettings = {
				ASSETCATALOG_COMPILER_APPICON_NAME = AppIcon;
				ASSETCATALOG_COMPILER_GLOBAL_ACCENT_COLOR_NAME = AccentColor;
				CODE_SIGN_STYLE = Automatic;
				DEVELOPMENT_TEAM = YZYQ4HKGUN;
				INFOPLIST_FILE = "Translation with Transforms/Info.plist";
				LD_RUNPATH_SEARCH_PATHS = (
					"$(inherited)",
					"@executable_path/Frameworks",
				);
				PRODUCT_BUNDLE_IDENTIFIER = "akshThakur.Translation-with-Transforms";
				PRODUCT_NAME = "$(TARGET_NAME)";
				SWIFT_VERSION = 5.0;
				TARGETED_DEVICE_FAMILY = "1,2";
			};
			name = Release;
		};
/* End XCBuildConfiguration section */

/* Begin XCConfigurationList section */
		B9691BBE2561387500F5CEC8 /* Build configuration list for PBXProject "Translation with Transforms" */ = {
			isa = XCConfigurationList;
			buildConfigurations = (
				B9691BD52561387600F5CEC8 /* Debug */,
				B9691BD62561387600F5CEC8 /* Release */,
			);
			defaultConfigurationIsVisible = 0;
			defaultConfigurationName = Release;
		};
		B9691BD72561387600F5CEC8 /* Build configuration list for PBXNativeTarget "Translation with Transforms" */ = {
			isa = XCConfigurationList;
			buildConfigurations = (
				B9691BD82561387600F5CEC8 /* Debug */,
				B9691BD92561387600F5CEC8 /* Release */,
			);
			defaultConfigurationIsVisible = 0;
			defaultConfigurationName = Release;
		};
/* End XCConfigurationList section */
	};
	rootObject = B9691BBB2561387500F5CEC8 /* Project object */;
}
